{
    "_readme": [
        "This file locks the dependencies of your project to a known state",
        "Read more about it at http://getcomposer.org/doc/01-basic-usage.md#composer-lock-the-lock-file",
        "This file is @generated automatically"
    ],
    "hash": "8b3868d70b500daaa93058fcee358a2b",
    "packages": [
        {
            "name": "ahir/environment",
            "version": "1.1.0",
            "source": {
                "type": "git",
                "url": "https://github.com/ahirarge/environment.git",
                "reference": "107f6fe6b035796b371e941b5d4a4060194b1a9c"
            },
            "dist": {
                "type": "zip",
                "url": "https://api.github.com/repos/ahirarge/environment/zipball/107f6fe6b035796b371e941b5d4a4060194b1a9c",
                "reference": "107f6fe6b035796b371e941b5d4a4060194b1a9c",
                "shasum": ""
            },
            "type": "library",
            "autoload": {
                "psr-0": {
                    "Ahir\\Environment\\": "src"
                }
            },
            "notification-url": "https://packagist.org/downloads/",
            "license": [
                "MIT"
            ],
            "authors": [
                {
                    "name": "Ahir Ar-Ge",
                    "email": "development@ahir.com.tr"
                },
                {
                    "name": "Özgür Adem Işıklı",
                    "email": "i.ozguradem@gmail.com",
                    "role": "Creator & Designer"
                }
            ],
            "description": "Simple PHP environment manager.",
            "keywords": [
                "config",
                "environment",
                "php"
            ],
            "time": "2014-12-04 14:19:35"
        },
        {
            "name": "ahir/facades",
            "version": "1.0.1",
            "source": {
                "type": "git",
                "url": "https://github.com/ahirarge/facades.git",
                "reference": "a7f543e711b3614d463a739f145340b07afea3ce"
            },
            "dist": {
                "type": "zip",
                "url": "https://api.github.com/repos/ahirarge/facades/zipball/a7f543e711b3614d463a739f145340b07afea3ce",
                "reference": "a7f543e711b3614d463a739f145340b07afea3ce",
                "shasum": ""
            },
            "require": {
                "php": ">=5.4.0"
            },
            "type": "library",
            "autoload": {
                "psr-0": {
                    "Ahir\\Facades": "src/"
                }
            },
            "notification-url": "https://packagist.org/downloads/",
            "license": [
                "MIT"
            ],
            "authors": [
                {
                    "name": "Ahir Ar-Ge",
                    "email": "development@ahir.com.tr"
                },
                {
                    "name": "Özgür Adem Işıklı",
                    "email": "i.ozguradem@gmail.com",
                    "role": "Creator & Designer"
                }
            ],
            "description": "Facades is a library for a facade pattern.",
            "keywords": [
                "facade",
                "php"
            ],
            "time": "2014-12-03 14:01:00"
        },
        {
            "name": "illuminate/container",
            "version": "v4.2.9",
            "target-dir": "Illuminate/Container",
            "source": {
                "type": "git",
                "url": "https://github.com/illuminate/container.git",
                "reference": "5c43bd3bd5eea2ed2061cd0dd57d72404aceb978"
            },
            "dist": {
                "type": "zip",
                "url": "https://api.github.com/repos/illuminate/container/zipball/5c43bd3bd5eea2ed2061cd0dd57d72404aceb978",
                "reference": "5c43bd3bd5eea2ed2061cd0dd57d72404aceb978",
                "shasum": ""
            },
            "require": {
                "php": ">=5.4.0"
            },
            "type": "library",
            "extra": {
                "branch-alias": {
                    "dev-master": "4.2-dev"
                }
            },
            "autoload": {
                "psr-0": {
                    "Illuminate\\Container": ""
                }
            },
            "notification-url": "https://packagist.org/downloads/",
            "license": [
                "MIT"
            ],
            "authors": [
                {
                    "name": "Taylor Otwell",
                    "email": "taylorotwell@gmail.com"
                }
            ],
            "time": "2014-09-11 19:02:16"
        },
        {
            "name": "illuminate/events",
            "version": "v4.2.9",
            "target-dir": "Illuminate/Events",
            "source": {
                "type": "git",
                "url": "https://github.com/illuminate/events.git",
                "reference": "19f93bcd692a52b39f1bd125f6f112eda0c1b8b0"
            },
            "dist": {
                "type": "zip",
                "url": "https://api.github.com/repos/illuminate/events/zipball/19f93bcd692a52b39f1bd125f6f112eda0c1b8b0",
                "reference": "19f93bcd692a52b39f1bd125f6f112eda0c1b8b0",
                "shasum": ""
            },
            "require": {
                "illuminate/container": "4.2.*",
                "illuminate/support": "4.2.*",
                "php": ">=5.4.0"
            },
            "type": "library",
            "extra": {
                "branch-alias": {
                    "dev-master": "4.2-dev"
                }
            },
            "autoload": {
                "psr-0": {
                    "Illuminate\\Events": ""
                }
            },
            "notification-url": "https://packagist.org/downloads/",
            "license": [
                "MIT"
            ],
            "authors": [
                {
                    "name": "Taylor Otwell",
                    "email": "taylorotwell@gmail.com"
                }
            ],
            "time": "2014-08-17 14:08:00"
        },
        {
            "name": "illuminate/filesystem",
            "version": "v4.2.9",
            "target-dir": "Illuminate/Filesystem",
            "source": {
                "type": "git",
                "url": "https://github.com/illuminate/filesystem.git",
                "reference": "501dc63c876ec0e0634ddb596890faec9d2f71e4"
            },
            "dist": {
                "type": "zip",
                "url": "https://api.github.com/repos/illuminate/filesystem/zipball/501dc63c876ec0e0634ddb596890faec9d2f71e4",
                "reference": "501dc63c876ec0e0634ddb596890faec9d2f71e4",
                "shasum": ""
            },
            "require": {
                "illuminate/support": "4.2.*",
                "php": ">=5.4.0",
                "symfony/finder": "2.5.*"
            },
            "type": "library",
            "extra": {
                "branch-alias": {
                    "dev-master": "4.2-dev"
                }
            },
            "autoload": {
                "psr-0": {
                    "Illuminate\\Filesystem": ""
                }
            },
            "notification-url": "https://packagist.org/downloads/",
            "license": [
                "MIT"
            ],
            "authors": [
                {
                    "name": "Taylor Otwell",
                    "email": "taylorotwell@gmail.com"
                }
            ],
            "time": "2014-08-10 10:16:38"
        },
        {
            "name": "illuminate/support",
            "version": "v4.2.9",
            "target-dir": "Illuminate/Support",
            "source": {
                "type": "git",
                "url": "https://github.com/illuminate/support.git",
                "reference": "b6716d34afce6e69523725f2534a5c3a54dba964"
            },
            "dist": {
                "type": "zip",
                "url": "https://api.github.com/repos/illuminate/support/zipball/b6716d34afce6e69523725f2534a5c3a54dba964",
                "reference": "b6716d34afce6e69523725f2534a5c3a54dba964",
                "shasum": ""
            },
            "require": {
                "php": ">=5.4.0"
            },
            "require-dev": {
                "jeremeamia/superclosure": "~1.0",
                "patchwork/utf8": "1.1.*"
            },
            "type": "library",
            "extra": {
                "branch-alias": {
                    "dev-master": "4.2-dev"
                }
            },
            "autoload": {
                "psr-0": {
                    "Illuminate\\Support": ""
                },
                "files": [
                    "Illuminate/Support/helpers.php"
                ]
            },
            "notification-url": "https://packagist.org/downloads/",
            "license": [
                "MIT"
            ],
            "authors": [
                {
                    "name": "Taylor Otwell",
                    "email": "taylorotwell@gmail.com"
                }
            ],
            "time": "2014-09-12 21:42:43"
        },
        {
            "name": "illuminate/view",
            "version": "v4.2.9",
            "target-dir": "Illuminate/View",
            "source": {
                "type": "git",
                "url": "https://github.com/illuminate/view.git",
                "reference": "b301c3b7186a23bbd7bce8c3315618b9cef7f38b"
            },
            "dist": {
                "type": "zip",
                "url": "https://api.github.com/repos/illuminate/view/zipball/b301c3b7186a23bbd7bce8c3315618b9cef7f38b",
                "reference": "b301c3b7186a23bbd7bce8c3315618b9cef7f38b",
                "shasum": ""
            },
            "require": {
                "illuminate/container": "4.2.*",
                "illuminate/events": "4.2.*",
                "illuminate/filesystem": "4.2.*",
                "illuminate/support": "4.2.*",
                "php": ">=5.4.0"
            },
            "type": "library",
            "extra": {
                "branch-alias": {
                    "dev-master": "4.2-dev"
                }
            },
            "autoload": {
                "psr-0": {
                    "Illuminate\\View": ""
                }
            },
            "notification-url": "https://packagist.org/downloads/",
            "license": [
                "MIT"
            ],
            "authors": [
                {
                    "name": "Taylor Otwell",
                    "email": "taylorotwell@gmail.com"
                }
            ],
            "time": "2014-09-02 04:23:50"
        },
        {
            "name": "ozziest/maintenance",
            "version": "1.0.0",
            "source": {
                "type": "git",
                "url": "https://github.com/ozziest/maintenance.git",
                "reference": "1e60aed1e56bdb37fad1c5ae9c9d945d932d4853"
            },
            "dist": {
                "type": "zip",
                "url": "https://api.github.com/repos/ozziest/maintenance/zipball/1e60aed1e56bdb37fad1c5ae9c9d945d932d4853",
                "reference": "1e60aed1e56bdb37fad1c5ae9c9d945d932d4853",
                "shasum": ""
            },
            "require": {
                "php": ">=5.4.0",
                "symfony/console": "2.*"
            },
            "type": "library",
            "autoload": {
                "psr-0": {
                    "Ozziest\\Maintenance": "src/"
                }
            },
            "notification-url": "https://packagist.org/downloads/",
            "license": [
                "MIT"
            ],
            "authors": [
                {
                    "name": "Özgür Adem Işıklı",
                    "email": "i.ozguradem@gmail.com",
                    "role": "Creator & Designer"
                }
            ],
            "description": "Simple maintenance commands for your applications.",
            "keywords": [
                "maintenance",
                "mode",
                "php"
            ],
            "time": "2014-12-05 12:41:58"
        },
        {
            "name": "philo/laravel-blade",
            "version": "v2.1",
            "source": {
                "type": "git",
                "url": "https://github.com/PhiloNL/Laravel-Blade.git",
                "reference": "f3afc95c1b8a342cd973dab435f9f56ec4f1e0c6"
            },
            "dist": {
                "type": "zip",
                "url": "https://api.github.com/repos/PhiloNL/Laravel-Blade/zipball/f3afc95c1b8a342cd973dab435f9f56ec4f1e0c6",
                "reference": "f3afc95c1b8a342cd973dab435f9f56ec4f1e0c6",
                "shasum": ""
            },
            "require": {
                "illuminate/view": "4.2.*"
            },
            "type": "library",
            "autoload": {
                "psr-4": {
                    "Philo\\Blade\\": "src"
                }
            },
            "notification-url": "https://packagist.org/downloads/",
            "license": [
                "MIT"
            ],
            "authors": [
                {
                    "name": "Philo Hermans",
                    "email": "me@philohermans.com"
                }
            ],
            "description": "Use the simple and yet powerful Laravel Blade templating engine as a standalone component.",
            "keywords": [
                "blade",
                "laravel"
            ],
            "time": "2014-12-02 20:44:48"
        },
        {
            "name": "rogeriopradoj/codeigniter",
            "version": "2.2.1-rc.2",
            "source": {
                "type": "git",
                "url": "https://github.com/rogeriopradoj/codeigniter-composer.git",
                "reference": "c3b605d2e5dc3752da7e6843daed31bcf87e225f"
            },
            "dist": {
                "type": "zip",
                "url": "https://api.github.com/repos/rogeriopradoj/codeigniter-composer/zipball/c3b605d2e5dc3752da7e6843daed31bcf87e225f",
                "reference": "c3b605d2e5dc3752da7e6843daed31bcf87e225f",
                "shasum": ""
            },
            "require": {
                "php": ">=5.2.4"
            },
            "type": "library",
            "notification-url": "https://packagist.org/downloads/",
            "license": [
                "OSL-3.0"
            ],
            "description": "A way to install CodeIgniter via composer",
            "time": "2014-11-25 11:27:54"
        },
        {
            "name": "symfony/console",
            "version": "v2.6.1",
            "target-dir": "Symfony/Component/Console",
            "source": {
                "type": "git",
                "url": "https://github.com/symfony/Console.git",
                "reference": "ef825fd9f809d275926547c9e57cbf14968793e8"
            },
            "dist": {
                "type": "zip",
                "url": "https://api.github.com/repos/symfony/Console/zipball/ef825fd9f809d275926547c9e57cbf14968793e8",
                "reference": "ef825fd9f809d275926547c9e57cbf14968793e8",
                "shasum": ""
            },
            "require": {
                "php": ">=5.3.3"
            },
            "require-dev": {
                "psr/log": "~1.0",
                "symfony/event-dispatcher": "~2.1",
                "symfony/process": "~2.1"
            },
            "suggest": {
                "psr/log": "For using the console logger",
                "symfony/event-dispatcher": "",
                "symfony/process": ""
            },
            "type": "library",
            "extra": {
                "branch-alias": {
                    "dev-master": "2.6-dev"
                }
            },
            "autoload": {
                "psr-0": {
                    "Symfony\\Component\\Console\\": ""
                }
            },
            "notification-url": "https://packagist.org/downloads/",
            "license": [
                "MIT"
            ],
            "authors": [
                {
                    "name": "Symfony Community",
                    "homepage": "http://symfony.com/contributors"
                },
                {
                    "name": "Fabien Potencier",
                    "email": "fabien@symfony.com"
                }
            ],
            "description": "Symfony Console Component",
            "homepage": "http://symfony.com",
            "time": "2014-12-02 20:19:20"
        },
        {
            "name": "symfony/finder",
            "version": "v2.5.8",
            "target-dir": "Symfony/Component/Finder",
            "source": {
                "type": "git",
                "url": "https://github.com/symfony/Finder.git",
                "reference": "e5487b9a23adc4be228ac550100d89c50f1ee8d5"
            },
            "dist": {
                "type": "zip",
                "url": "https://api.github.com/repos/symfony/Finder/zipball/e5487b9a23adc4be228ac550100d89c50f1ee8d5",
                "reference": "e5487b9a23adc4be228ac550100d89c50f1ee8d5",
                "shasum": ""
            },
            "require": {
                "php": ">=5.3.3"
            },
            "type": "library",
            "extra": {
                "branch-alias": {
                    "dev-master": "2.5-dev"
                }
            },
            "autoload": {
                "psr-0": {
                    "Symfony\\Component\\Finder\\": ""
                }
            },
            "notification-url": "https://packagist.org/downloads/",
            "license": [
                "MIT"
            ],
            "authors": [
                {
                    "name": "Symfony Community",
                    "homepage": "http://symfony.com/contributors"
                },
                {
                    "name": "Fabien Potencier",
                    "email": "fabien@symfony.com"
                }
            ],
            "description": "Symfony Finder Component",
            "homepage": "http://symfony.com",
            "time": "2014-12-02 20:15:53"
        }
    ],
    "packages-dev": [],
    "aliases": [],
    "minimum-stability": "stable",
    "stability-flags": {
        "rogeriopradoj/codeigniter": 5
    },
    "prefer-stable": false,
    "platform": [],
    "platform-dev": []
}
